
Microsoft Visual Studio Solution File, Format Version 12.00
# Visual Studio 2012
Project("{FAE04EC0-301F-11D3-BF4B-00C04F79EFBC}") = "AngularApp", "AngularApp\AngularApp.csproj", "{D58011B1-FDD8-495C-B0A9-48C6647CE622}"
EndProject
Project("{FAE04EC0-301F-11D3-BF4B-00C04F79EFBC}") = "AngularWebApi", "AngularWebApi\AngularWebApi.csproj", "{7ECB2F6A-CEBA-4A3A-8B23-1447CFD4ADF2}"
EndProject
Global
	GlobalSection(SolutionConfigurationPlatforms) = preSolution
		Debug|Any CPU = Debug|Any CPU
		Release|Any CPU = Release|Any CPU
	EndGlobalSection
	GlobalSection(ProjectConfigurationPlatforms) = postSolution
		{D58011B1-FDD8-495C-B0A9-48C6647CE622}.Debug|Any CPU.ActiveCfg = Debug|Any CPU
		{D58011B1-FDD8-495C-B0A9-48C6647CE622}.Debug|Any CPU.Build.0 = Debug|Any CPU
		{D58011B1-FDD8-495C-B0A9-48C6647CE622}.Release|Any CPU.ActiveCfg = Release|Any CPU
		{D58011B1-FDD8-495C-B0A9-48C6647CE622}.Release|Any CPU.Build.0 = Release|Any CPU
		{7ECB2F6A-CEBA-4A3A-8B23-1447CFD4ADF2}.Debug|Any CPU.ActiveCfg = Debug|Any CPU
		{7ECB2F6A-CEBA-4A3A-8B23-1447CFD4ADF2}.Debug|Any CPU.Build.0 = Debug|Any CPU
		{7ECB2F6A-CEBA-4A3A-8B23-1447CFD4ADF2}.Release|Any CPU.ActiveCfg = Release|Any CPU
		{7ECB2F6A-CEBA-4A3A-8B23-1447CFD4ADF2}.Release|Any CPU.Build.0 = Release|Any CPU
	EndGlobalSection
	GlobalSection(SolutionProperties) = preSolution
		HideSolutionNode = FALSE
	EndGlobalSection
EndGlobal
